
Microsoft Visual Studio Solution File, Format Version 12.00
# Visual Studio Version 16
VisualStudioVersion = 16.0.30523.141
MinimumVisualStudioVersion = 10.0.40219.1
Project("{FAE04EC0-301F-11D3-BF4B-00C04F79EFBC}") = "Laboratory_3", "Laboratory_3\Laboratory_3.csproj", "{C327BA8F-F7F1-4CCA-932B-EC7115A285E8}"
EndProject
Global
	GlobalSection(SolutionConfigurationPlatforms) = preSolution
		Debug|Any CPU = Debug|Any CPU
		Release|Any CPU = Release|Any CPU
	EndGlobalSection
	GlobalSection(ProjectConfigurationPlatforms) = postSolution
		{C327BA8F-F7F1-4CCA-932B-EC7115A285E8}.Debug|Any CPU.ActiveCfg = Debug|Any CPU
		{C327BA8F-F7F1-4CCA-932B-EC7115A285E8}.Debug|Any CPU.Build.0 = Debug|Any CPU
		{C327BA8F-F7F1-4CCA-932B-EC7115A285E8}.Release|Any CPU.ActiveCfg = Release|Any CPU
		{C327BA8F-F7F1-4CCA-932B-EC7115A285E8}.Release|Any CPU.Build.0 = Release|Any CPU
	EndGlobalSection
	GlobalSection(SolutionProperties) = preSolution
		HideSolutionNode = FALSE
	EndGlobalSection
	GlobalSection(ExtensibilityGlobals) = postSolution
		SolutionGuid = {F8441D02-72C9-40F7-AF2C-E729F5182085}
	EndGlobalSection
EndGlobal
